
Microsoft Visual Studio Solution File, Format Version 12.00
Project("{FAE04EC0-301F-11D3-BF4B-00C04F79EFBC}") = "GuidBot", "GuidBot\GuidBot.csproj", "{38FBB89E-2E3E-4BB6-9E53-2FA214F103CE}"
EndProject
Global
	GlobalSection(SolutionConfigurationPlatforms) = preSolution
		Debug|Any CPU = Debug|Any CPU
		Release|Any CPU = Release|Any CPU
	EndGlobalSection
	GlobalSection(ProjectConfigurationPlatforms) = postSolution
		{38FBB89E-2E3E-4BB6-9E53-2FA214F103CE}.Debug|Any CPU.ActiveCfg = Debug|Any CPU
		{38FBB89E-2E3E-4BB6-9E53-2FA214F103CE}.Debug|Any CPU.Build.0 = Debug|Any CPU
		{38FBB89E-2E3E-4BB6-9E53-2FA214F103CE}.Release|Any CPU.ActiveCfg = Release|Any CPU
		{38FBB89E-2E3E-4BB6-9E53-2FA214F103CE}.Release|Any CPU.Build.0 = Release|Any CPU
	EndGlobalSection
EndGlobal
